
Microsoft Visual Studio Solution File, Format Version 12.00
# Visual Studio Version 17
VisualStudioVersion = 17.7.34202.233
MinimumVisualStudioVersion = 10.0.40219.1
Project("{FAE04EC0-301F-11D3-BF4B-00C04F79EFBC}") = "Workforce_", "Workforce_.csproj", "{0E2072D9-3B5A-4EAC-9E7D-B16C8806A74D}"
EndProject
Global
	GlobalSection(SolutionConfigurationPlatforms) = preSolution
		Debug|Any CPU = Debug|Any CPU
		Release|Any CPU = Release|Any CPU
	EndGlobalSection
	GlobalSection(ProjectConfigurationPlatforms) = postSolution
		{0E2072D9-3B5A-4EAC-9E7D-B16C8806A74D}.Debug|Any CPU.ActiveCfg = Debug|Any CPU
		{0E2072D9-3B5A-4EAC-9E7D-B16C8806A74D}.Debug|Any CPU.Build.0 = Debug|Any CPU
		{0E2072D9-3B5A-4EAC-9E7D-B16C8806A74D}.Release|Any CPU.ActiveCfg = Release|Any CPU
		{0E2072D9-3B5A-4EAC-9E7D-B16C8806A74D}.Release|Any CPU.Build.0 = Release|Any CPU
	EndGlobalSection
	GlobalSection(SolutionProperties) = preSolution
		HideSolutionNode = FALSE
	EndGlobalSection
	GlobalSection(ExtensibilityGlobals) = postSolution
		SolutionGuid = {53858926-9932-4D8A-AD53-52A7FA9637A7}
	EndGlobalSection
EndGlobal
